
Microsoft Visual Studio Solution File, Format Version 12.00
# Visual Studio Version 17
VisualStudioVersion = 17.8.34330.188
MinimumVisualStudioVersion = 10.0.40219.1
Project("{9A19103F-16F7-4668-BE54-9A1E7A4F7556}") = "TVApi", "TVApi\TVApi.csproj", "{93FA7A9F-1D44-4DB1-A9F5-4993124FD162}"
EndProject
Global
	GlobalSection(SolutionConfigurationPlatforms) = preSolution
		Debug|Any CPU = Debug|Any CPU
		Release|Any CPU = Release|Any CPU
	EndGlobalSection
	GlobalSection(ProjectConfigurationPlatforms) = postSolution
		{93FA7A9F-1D44-4DB1-A9F5-4993124FD162}.Debug|Any CPU.ActiveCfg = Debug|Any CPU
		{93FA7A9F-1D44-4DB1-A9F5-4993124FD162}.Debug|Any CPU.Build.0 = Debug|Any CPU
		{93FA7A9F-1D44-4DB1-A9F5-4993124FD162}.Release|Any CPU.ActiveCfg = Release|Any CPU
		{93FA7A9F-1D44-4DB1-A9F5-4993124FD162}.Release|Any CPU.Build.0 = Release|Any CPU
	EndGlobalSection
	GlobalSection(SolutionProperties) = preSolution
		HideSolutionNode = FALSE
	EndGlobalSection
	GlobalSection(ExtensibilityGlobals) = postSolution
		SolutionGuid = {8103C8AF-2224-4835-A97D-B3621094F926}
	EndGlobalSection
EndGlobal
